
Microsoft Visual Studio Solution File, Format Version 12.00
# Visual Studio 15
VisualStudioVersion = 15.0.28010.2016
MinimumVisualStudioVersion = 10.0.40219.1
Project("{FAE04EC0-301F-11D3-BF4B-00C04F79EFBC}") = "ConsoleApp1", "ConsoleApp1\ConsoleApp1.csproj", "{DB804B17-C969-452D-9927-3BFBD9F3FC78}"
EndProject
Global
	GlobalSection(SolutionConfigurationPlatforms) = preSolution
		Debug|Any CPU = Debug|Any CPU
		Release|Any CPU = Release|Any CPU
	EndGlobalSection
	GlobalSection(ProjectConfigurationPlatforms) = postSolution
		{DB804B17-C969-452D-9927-3BFBD9F3FC78}.Debug|Any CPU.ActiveCfg = Debug|Any CPU
		{DB804B17-C969-452D-9927-3BFBD9F3FC78}.Debug|Any CPU.Build.0 = Debug|Any CPU
		{DB804B17-C969-452D-9927-3BFBD9F3FC78}.Release|Any CPU.ActiveCfg = Release|Any CPU
		{DB804B17-C969-452D-9927-3BFBD9F3FC78}.Release|Any CPU.Build.0 = Release|Any CPU
	EndGlobalSection
	GlobalSection(SolutionProperties) = preSolution
		HideSolutionNode = FALSE
	EndGlobalSection
	GlobalSection(ExtensibilityGlobals) = postSolution
		SolutionGuid = {44D96A2A-18E1-408C-A336-340E549DEC30}
	EndGlobalSection
EndGlobal
